
Microsoft Visual Studio Solution File, Format Version 12.00
# Visual Studio 14
VisualStudioVersion = 14.0.25123.0
MinimumVisualStudioVersion = 10.0.40219.1
Project("{2150E333-8FDC-42A3-9474-1A3956D46DE8}") = "Libs", "Libs", "{E91A450C-0051-4961-BE67-FE0CCC2B4AAC}"
EndProject
Project("{2150E333-8FDC-42A3-9474-1A3956D46DE8}") = "Presentation", "Presentation", "{77A42AEA-A2EF-4A1E-9A95-AA21190714D8}"
EndProject
Project("{FAE04EC0-301F-11D3-BF4B-00C04F79EFBC}") = "WJCY.Core", "WJCY.Core\WJCY.Core.csproj", "{904CE322-E336-4AD5-B2DB-11FEACCF8764}"
EndProject
Project("{FAE04EC0-301F-11D3-BF4B-00C04F79EFBC}") = "WJCY.Data", "WJCY.Data\WJCY.Data.csproj", "{AC28A792-A209-4F8E-B053-531A4938117F}"
EndProject
Project("{FAE04EC0-301F-11D3-BF4B-00C04F79EFBC}") = "WJCY.Services", "WJCY.Services\WJCY.Services.csproj", "{EF20CE18-F831-4E13-8798-89316DDF3BF7}"
EndProject
Project("{FAE04EC0-301F-11D3-BF4B-00C04F79EFBC}") = "WJCY.Web.Framewok", "WJCY.Web.Framewok\WJCY.Web.Framewok.csproj", "{ACE1F4C0-1564-4F46-A973-5DAE9B195835}"
EndProject
Project("{FAE04EC0-301F-11D3-BF4B-00C04F79EFBC}") = "WJCY.Web", "WJCY.Web\WJCY.Web.csproj", "{695705F1-7FCF-422E-91A5-6B3ED8FAA4F8}"
EndProject
Project("{FAE04EC0-301F-11D3-BF4B-00C04F79EFBC}") = "WJCY.Admin", "WJCY.Admin\WJCY.Admin.csproj", "{6E308FF7-C51C-4BE4-AB80-CE10B65781AB}"
EndProject
Project("{FAE04EC0-301F-11D3-BF4B-00C04F79EFBC}") = "WJCY.Console", "WJCY.Console\WJCY.Console.csproj", "{63BEA045-AB98-4A82-9D65-D84274BD8850}"
EndProject
Project("{FAE04EC0-301F-11D3-BF4B-00C04F79EFBC}") = "WJCY.Common", "WJCY.Common\WJCY.Common.csproj", "{9B41F387-8EC4-46A8-B95C-7E02FD483CF7}"
EndProject
Global
	GlobalSection(SolutionConfigurationPlatforms) = preSolution
		Debug|Any CPU = Debug|Any CPU
		Release|Any CPU = Release|Any CPU
	EndGlobalSection
	GlobalSection(ProjectConfigurationPlatforms) = postSolution
		{904CE322-E336-4AD5-B2DB-11FEACCF8764}.Debug|Any CPU.ActiveCfg = Debug|Any CPU
		{904CE322-E336-4AD5-B2DB-11FEACCF8764}.Debug|Any CPU.Build.0 = Debug|Any CPU
		{904CE322-E336-4AD5-B2DB-11FEACCF8764}.Release|Any CPU.ActiveCfg = Release|Any CPU
		{904CE322-E336-4AD5-B2DB-11FEACCF8764}.Release|Any CPU.Build.0 = Release|Any CPU
		{AC28A792-A209-4F8E-B053-531A4938117F}.Debug|Any CPU.ActiveCfg = Debug|Any CPU
		{AC28A792-A209-4F8E-B053-531A4938117F}.Debug|Any CPU.Build.0 = Debug|Any CPU
		{AC28A792-A209-4F8E-B053-531A4938117F}.Release|Any CPU.ActiveCfg = Release|Any CPU
		{AC28A792-A209-4F8E-B053-531A4938117F}.Release|Any CPU.Build.0 = Release|Any CPU
		{EF20CE18-F831-4E13-8798-89316DDF3BF7}.Debug|Any CPU.ActiveCfg = Debug|Any CPU
		{EF20CE18-F831-4E13-8798-89316DDF3BF7}.Debug|Any CPU.Build.0 = Debug|Any CPU
		{EF20CE18-F831-4E13-8798-89316DDF3BF7}.Release|Any CPU.ActiveCfg = Release|Any CPU
		{EF20CE18-F831-4E13-8798-89316DDF3BF7}.Release|Any CPU.Build.0 = Release|Any CPU
		{ACE1F4C0-1564-4F46-A973-5DAE9B195835}.Debug|Any CPU.ActiveCfg = Debug|Any CPU
		{ACE1F4C0-1564-4F46-A973-5DAE9B195835}.Debug|Any CPU.Build.0 = Debug|Any CPU
		{ACE1F4C0-1564-4F46-A973-5DAE9B195835}.Release|Any CPU.ActiveCfg = Release|Any CPU
		{ACE1F4C0-1564-4F46-A973-5DAE9B195835}.Release|Any CPU.Build.0 = Release|Any CPU
		{695705F1-7FCF-422E-91A5-6B3ED8FAA4F8}.Debug|Any CPU.ActiveCfg = Debug|Any CPU
		{695705F1-7FCF-422E-91A5-6B3ED8FAA4F8}.Debug|Any CPU.Build.0 = Debug|Any CPU
		{695705F1-7FCF-422E-91A5-6B3ED8FAA4F8}.Release|Any CPU.ActiveCfg = Release|Any CPU
		{695705F1-7FCF-422E-91A5-6B3ED8FAA4F8}.Release|Any CPU.Build.0 = Release|Any CPU
		{6E308FF7-C51C-4BE4-AB80-CE10B65781AB}.Debug|Any CPU.ActiveCfg = Debug|Any CPU
		{6E308FF7-C51C-4BE4-AB80-CE10B65781AB}.Debug|Any CPU.Build.0 = Debug|Any CPU
		{6E308FF7-C51C-4BE4-AB80-CE10B65781AB}.Release|Any CPU.ActiveCfg = Release|Any CPU
		{6E308FF7-C51C-4BE4-AB80-CE10B65781AB}.Release|Any CPU.Build.0 = Release|Any CPU
		{63BEA045-AB98-4A82-9D65-D84274BD8850}.Debug|Any CPU.ActiveCfg = Debug|Any CPU
		{63BEA045-AB98-4A82-9D65-D84274BD8850}.Debug|Any CPU.Build.0 = Debug|Any CPU
		{63BEA045-AB98-4A82-9D65-D84274BD8850}.Release|Any CPU.ActiveCfg = Release|Any CPU
		{63BEA045-AB98-4A82-9D65-D84274BD8850}.Release|Any CPU.Build.0 = Release|Any CPU
		{9B41F387-8EC4-46A8-B95C-7E02FD483CF7}.Debug|Any CPU.ActiveCfg = Debug|Any CPU
		{9B41F387-8EC4-46A8-B95C-7E02FD483CF7}.Debug|Any CPU.Build.0 = Debug|Any CPU
		{9B41F387-8EC4-46A8-B95C-7E02FD483CF7}.Release|Any CPU.ActiveCfg = Release|Any CPU
		{9B41F387-8EC4-46A8-B95C-7E02FD483CF7}.Release|Any CPU.Build.0 = Release|Any CPU
	EndGlobalSection
	GlobalSection(SolutionProperties) = preSolution
		HideSolutionNode = FALSE
	EndGlobalSection
	GlobalSection(NestedProjects) = preSolution
		{904CE322-E336-4AD5-B2DB-11FEACCF8764} = {E91A450C-0051-4961-BE67-FE0CCC2B4AAC}
		{AC28A792-A209-4F8E-B053-531A4938117F} = {E91A450C-0051-4961-BE67-FE0CCC2B4AAC}
		{EF20CE18-F831-4E13-8798-89316DDF3BF7} = {E91A450C-0051-4961-BE67-FE0CCC2B4AAC}
		{ACE1F4C0-1564-4F46-A973-5DAE9B195835} = {77A42AEA-A2EF-4A1E-9A95-AA21190714D8}
		{695705F1-7FCF-422E-91A5-6B3ED8FAA4F8} = {77A42AEA-A2EF-4A1E-9A95-AA21190714D8}
		{6E308FF7-C51C-4BE4-AB80-CE10B65781AB} = {77A42AEA-A2EF-4A1E-9A95-AA21190714D8}
		{63BEA045-AB98-4A82-9D65-D84274BD8850} = {77A42AEA-A2EF-4A1E-9A95-AA21190714D8}
		{9B41F387-8EC4-46A8-B95C-7E02FD483CF7} = {E91A450C-0051-4961-BE67-FE0CCC2B4AAC}
	EndGlobalSection
EndGlobal
